{
    "_meta": {
        "hash": {
            "sha256": "c5153c5709d12a469c386d2d5c01eeed2cacc6b7e0d89b5ac4a82e8a489ac545"
        },
        "pipfile-spec": 6,
        "requires": {
            "python_version": "3.6"
        },
        "sources": [
            {
                "name": "pypi",
                "url": "https://pypi.org/simple",
                "verify_ssl": true
            }
        ]
    },
    "default": {
        "psutil": {
            "hashes": [
                "sha256:325c334596ad2d8a178d0e7b4eecc91748096a87489b3701ee16986173000aaa",
                "sha256:33384065f0014351fa70187548e3e95952c4df4bc5c38648bd0e647d21eaaf01",
                "sha256:51e12aa74509832443862373a2655052b20c83cad7322f49d217452500b9a405",
                "sha256:52a91ba928a5e86e0249b4932d6e36972a72d1ad8dcc5b7f753a2ae14825a4ba",
                "sha256:99029b6af386b22882f0b6d537ffed5a9c3d5ff31782974aeaa1d683262d8543",
                "sha256:b10703a109cc9225cd588c207f7f93480a420ade35c13515ea8f20063b42a392",
                "sha256:ddba952ed256151844d82fb13c8fb1019fe11ecaeacbd659d67ba5661ae73d0d",
                "sha256:ebe293be36bb24b95cdefc5131635496e88b17fabbcf1e4bc9b5c01f5e489cfe",
                "sha256:f24cd52bafa06917935fe1b68c5a45593abe1f3097dc35b2dfc4718236795890"
            ],
            "index": "pypi",
            "version": "==5.4.5"
        }
    },
    "develop": {}
}
